
Microsoft Visual Studio Solution File, Format Version 12.00
# Visual Studio Version 16
VisualStudioVersion = 16.0.31005.135
MinimumVisualStudioVersion = 10.0.40219.1
Project("{FAE04EC0-301F-11D3-BF4B-00C04F79EFBC}") = "GScript", "GScript\GScript.csproj", "{22132099-2624-4E3A-A724-F695435E627D}"
EndProject
Global
	GlobalSection(SolutionConfigurationPlatforms) = preSolution
		Debug|Any CPU = Debug|Any CPU
		Release|Any CPU = Release|Any CPU
	EndGlobalSection
	GlobalSection(ProjectConfigurationPlatforms) = postSolution
		{22132099-2624-4E3A-A724-F695435E627D}.Debug|Any CPU.ActiveCfg = Debug|Any CPU
		{22132099-2624-4E3A-A724-F695435E627D}.Debug|Any CPU.Build.0 = Debug|Any CPU
		{22132099-2624-4E3A-A724-F695435E627D}.Release|Any CPU.ActiveCfg = Release|Any CPU
		{22132099-2624-4E3A-A724-F695435E627D}.Release|Any CPU.Build.0 = Release|Any CPU
	EndGlobalSection
	GlobalSection(SolutionProperties) = preSolution
		HideSolutionNode = FALSE
	EndGlobalSection
	GlobalSection(ExtensibilityGlobals) = postSolution
		SolutionGuid = {DE1EC870-F9AD-4223-A1F7-687D4053EEE9}
	EndGlobalSection
EndGlobal
